
Microsoft Visual Studio Solution File, Format Version 9.00
# Visual Studio 2005
Project("{F184B08F-C81C-45F6-A57F-5ABD9991F28F}") = "RDdotNet.TeamFoundation", "RDdotNet.TeamFoundation\RDdotNet.TeamFoundation.vbproj", "{84B6ED4E-FAC1-45F9-BF4C-68C57C592A8C}"
EndProject
Project("{F184B08F-C81C-45F6-A57F-5ABD9991F28F}") = "RDdotNet.TeamFoundation.Client", "RDdotNet.TeamFoundation.Client\RDdotNet.TeamFoundation.Client.vbproj", "{13EA0D39-696E-48B1-8C6E-695C82C8C7EF}"
EndProject
Project("{FAE04EC0-301F-11D3-BF4B-00C04F79EFBC}") = "RDdotNet.TeamFoundation.EventResource", "RDdotNet.TeamFoundation.EventResource\RDdotNet.TeamFoundation.EventResource.csproj", "{B2077C2A-A341-450E-8B8B-4DD836ADEFBA}"
EndProject
Project("{F184B08F-C81C-45F6-A57F-5ABD9991F28F}") = "RDdotNet.TeamFoundation.Handlers.Demo", "RDdotNet.TeamFoundation.Handlers.Demo\RDdotNet.TeamFoundation.Handlers.Demo.vbproj", "{A28FBF01-E129-417D-91C5-387F02A32AB2}"
EndProject
Project("{2150E333-8FDC-42A3-9474-1A3956D46DE8}") = "Source", "Source", "{CD068EB5-5622-4195-A40F-9C1CF3A0FC25}"
EndProject
Project("{F184B08F-C81C-45F6-A57F-5ABD9991F28F}") = "RDdotNet.ActiveDirectory", "RDdotNet.ActiveDiretory\RDdotNet.ActiveDirectory.vbproj", "{9BA6FE9F-82CB-40F7-B9BF-4456647D667D}"
EndProject
Project("{2150E333-8FDC-42A3-9474-1A3956D46DE8}") = "TFSDemoEventHandlers", "TFSDemoEventHandlers", "{C9851ECE-AFAC-406D-8661-F1E9B2A36B65}"
EndProject
Project("{2150E333-8FDC-42A3-9474-1A3956D46DE8}") = "Core", "Core", "{D3680108-98DE-4832-AB93-B06B11CCA50D}"
EndProject
Project("{F184B08F-C81C-45F6-A57F-5ABD9991F28F}") = "RDdotNet.TeamFoundation.Proxys", "RDdotNet.TeamFoundation.Proxys\RDdotNet.TeamFoundation.Proxys.vbproj", "{0922E7D3-F0C8-4159-B2C9-9B8F570D316A}"
EndProject
Project("{2150E333-8FDC-42A3-9474-1A3956D46DE8}") = "Old", "Old", "{2D7C672B-E38F-4BEF-9E21-CBB36920454E}"
EndProject
Project("{2150E333-8FDC-42A3-9474-1A3956D46DE8}") = "Reference", "Reference", "{CEB795EC-A667-4A15-84ED-1E4672DFFD27}"
EndProject
Global
	GlobalSection(TeamFoundationVersionControl) = preSolution
		SccNumberOfProjects = 7
		SccEnterpriseProvider = {4CA58AB2-18FA-4F8D-95D4-32DDF27D184C}
		SccTeamFoundationServer = https://tfs03.codeplex.com/
		SccLocalPath0 = .
		SccProjectUniqueName1 = RDdotNet.TeamFoundation\\RDdotNet.TeamFoundation.vbproj
		SccProjectTopLevelParentUniqueName1 = TFSCore.sln
		SccProjectName1 = RDdotNet.TeamFoundation
		SccLocalPath1 = RDdotNet.TeamFoundation
		SccProjectUniqueName2 = RDdotNet.TeamFoundation.Client\\RDdotNet.TeamFoundation.Client.vbproj
		SccProjectTopLevelParentUniqueName2 = TFSCore.sln
		SccProjectName2 = RDdotNet.TeamFoundation.Client
		SccLocalPath2 = RDdotNet.TeamFoundation.Client
		SccProjectUniqueName3 = RDdotNet.TeamFoundation.EventResource\\RDdotNet.TeamFoundation.EventResource.csproj
		SccProjectTopLevelParentUniqueName3 = TFSCore.sln
		SccProjectName3 = RDdotNet.TeamFoundation.EventResource
		SccLocalPath3 = RDdotNet.TeamFoundation.EventResource
		SccProjectUniqueName4 = RDdotNet.TeamFoundation.Handlers.Demo\\RDdotNet.TeamFoundation.Handlers.Demo.vbproj
		SccProjectTopLevelParentUniqueName4 = TFSCore.sln
		SccProjectName4 = RDdotNet.TeamFoundation.Handlers.Demo
		SccLocalPath4 = RDdotNet.TeamFoundation.Handlers.Demo
		SccProjectUniqueName5 = RDdotNet.ActiveDiretory\\RDdotNet.ActiveDirectory.vbproj
		SccProjectTopLevelParentUniqueName5 = TFSCore.sln
		SccProjectName5 = RDdotNet.ActiveDiretory
		SccLocalPath5 = RDdotNet.ActiveDiretory
		SccProjectUniqueName6 = RDdotNet.TeamFoundation.Proxys\\RDdotNet.TeamFoundation.Proxys.vbproj
		SccProjectTopLevelParentUniqueName6 = TFSCore.sln
		SccProjectName6 = RDdotNet.TeamFoundation.Proxys
		SccLocalPath6 = RDdotNet.TeamFoundation.Proxys
	EndGlobalSection
	GlobalSection(SolutionConfigurationPlatforms) = preSolution
		Debug|.NET = Debug|.NET
		Debug|Any CPU = Debug|Any CPU
		Debug|Mixed Platforms = Debug|Mixed Platforms
		Release|.NET = Release|.NET
		Release|Any CPU = Release|Any CPU
		Release|Mixed Platforms = Release|Mixed Platforms
	EndGlobalSection
	GlobalSection(ProjectConfigurationPlatforms) = postSolution
		{84B6ED4E-FAC1-45F9-BF4C-68C57C592A8C}.Debug|.NET.ActiveCfg = Debug|Any CPU
		{84B6ED4E-FAC1-45F9-BF4C-68C57C592A8C}.Debug|Any CPU.ActiveCfg = Debug|Any CPU
		{84B6ED4E-FAC1-45F9-BF4C-68C57C592A8C}.Debug|Any CPU.Build.0 = Debug|Any CPU
		{84B6ED4E-FAC1-45F9-BF4C-68C57C592A8C}.Debug|Mixed Platforms.ActiveCfg = Debug|Any CPU
		{84B6ED4E-FAC1-45F9-BF4C-68C57C592A8C}.Debug|Mixed Platforms.Build.0 = Debug|Any CPU
		{84B6ED4E-FAC1-45F9-BF4C-68C57C592A8C}.Release|.NET.ActiveCfg = Release|Any CPU
		{84B6ED4E-FAC1-45F9-BF4C-68C57C592A8C}.Release|Any CPU.ActiveCfg = Release|Any CPU
		{84B6ED4E-FAC1-45F9-BF4C-68C57C592A8C}.Release|Any CPU.Build.0 = Release|Any CPU
		{84B6ED4E-FAC1-45F9-BF4C-68C57C592A8C}.Release|Mixed Platforms.ActiveCfg = Release|Any CPU
		{84B6ED4E-FAC1-45F9-BF4C-68C57C592A8C}.Release|Mixed Platforms.Build.0 = Release|Any CPU
		{13EA0D39-696E-48B1-8C6E-695C82C8C7EF}.Debug|.NET.ActiveCfg = Debug|Any CPU
		{13EA0D39-696E-48B1-8C6E-695C82C8C7EF}.Debug|Any CPU.ActiveCfg = Debug|Any CPU
		{13EA0D39-696E-48B1-8C6E-695C82C8C7EF}.Debug|Any CPU.Build.0 = Debug|Any CPU
		{13EA0D39-696E-48B1-8C6E-695C82C8C7EF}.Debug|Mixed Platforms.ActiveCfg = Debug|Any CPU
		{13EA0D39-696E-48B1-8C6E-695C82C8C7EF}.Debug|Mixed Platforms.Build.0 = Debug|Any CPU
		{13EA0D39-696E-48B1-8C6E-695C82C8C7EF}.Release|.NET.ActiveCfg = Release|Any CPU
		{13EA0D39-696E-48B1-8C6E-695C82C8C7EF}.Release|Any CPU.ActiveCfg = Release|Any CPU
		{13EA0D39-696E-48B1-8C6E-695C82C8C7EF}.Release|Any CPU.Build.0 = Release|Any CPU
		{13EA0D39-696E-48B1-8C6E-695C82C8C7EF}.Release|Mixed Platforms.ActiveCfg = Release|Any CPU
		{13EA0D39-696E-48B1-8C6E-695C82C8C7EF}.Release|Mixed Platforms.Build.0 = Release|Any CPU
		{B2077C2A-A341-450E-8B8B-4DD836ADEFBA}.Debug|.NET.ActiveCfg = Debug|Any CPU
		{B2077C2A-A341-450E-8B8B-4DD836ADEFBA}.Debug|Any CPU.ActiveCfg = Debug|Any CPU
		{B2077C2A-A341-450E-8B8B-4DD836ADEFBA}.Debug|Any CPU.Build.0 = Debug|Any CPU
		{B2077C2A-A341-450E-8B8B-4DD836ADEFBA}.Debug|Mixed Platforms.ActiveCfg = Debug|Any CPU
		{B2077C2A-A341-450E-8B8B-4DD836ADEFBA}.Debug|Mixed Platforms.Build.0 = Debug|Any CPU
		{B2077C2A-A341-450E-8B8B-4DD836ADEFBA}.Release|.NET.ActiveCfg = Release|Any CPU
		{B2077C2A-A341-450E-8B8B-4DD836ADEFBA}.Release|Any CPU.ActiveCfg = Release|Any CPU
		{B2077C2A-A341-450E-8B8B-4DD836ADEFBA}.Release|Any CPU.Build.0 = Release|Any CPU
		{B2077C2A-A341-450E-8B8B-4DD836ADEFBA}.Release|Mixed Platforms.ActiveCfg = Release|Any CPU
		{B2077C2A-A341-450E-8B8B-4DD836ADEFBA}.Release|Mixed Platforms.Build.0 = Release|Any CPU
		{A28FBF01-E129-417D-91C5-387F02A32AB2}.Debug|.NET.ActiveCfg = Debug|Any CPU
		{A28FBF01-E129-417D-91C5-387F02A32AB2}.Debug|Any CPU.ActiveCfg = Debug|Any CPU
		{A28FBF01-E129-417D-91C5-387F02A32AB2}.Debug|Any CPU.Build.0 = Debug|Any CPU
		{A28FBF01-E129-417D-91C5-387F02A32AB2}.Debug|Mixed Platforms.ActiveCfg = Debug|Any CPU
		{A28FBF01-E129-417D-91C5-387F02A32AB2}.Debug|Mixed Platforms.Build.0 = Debug|Any CPU
		{A28FBF01-E129-417D-91C5-387F02A32AB2}.Release|.NET.ActiveCfg = Release|Any CPU
		{A28FBF01-E129-417D-91C5-387F02A32AB2}.Release|Any CPU.ActiveCfg = Release|Any CPU
		{A28FBF01-E129-417D-91C5-387F02A32AB2}.Release|Any CPU.Build.0 = Release|Any CPU
		{A28FBF01-E129-417D-91C5-387F02A32AB2}.Release|Mixed Platforms.ActiveCfg = Release|Any CPU
		{A28FBF01-E129-417D-91C5-387F02A32AB2}.Release|Mixed Platforms.Build.0 = Release|Any CPU
		{9BA6FE9F-82CB-40F7-B9BF-4456647D667D}.Debug|.NET.ActiveCfg = Debug|Any CPU
		{9BA6FE9F-82CB-40F7-B9BF-4456647D667D}.Debug|Any CPU.ActiveCfg = Debug|Any CPU
		{9BA6FE9F-82CB-40F7-B9BF-4456647D667D}.Debug|Any CPU.Build.0 = Debug|Any CPU
		{9BA6FE9F-82CB-40F7-B9BF-4456647D667D}.Debug|Mixed Platforms.ActiveCfg = Debug|Any CPU
		{9BA6FE9F-82CB-40F7-B9BF-4456647D667D}.Debug|Mixed Platforms.Build.0 = Debug|Any CPU
		{9BA6FE9F-82CB-40F7-B9BF-4456647D667D}.Release|.NET.ActiveCfg = Release|Any CPU
		{9BA6FE9F-82CB-40F7-B9BF-4456647D667D}.Release|Any CPU.ActiveCfg = Release|Any CPU
		{9BA6FE9F-82CB-40F7-B9BF-4456647D667D}.Release|Any CPU.Build.0 = Release|Any CPU
		{9BA6FE9F-82CB-40F7-B9BF-4456647D667D}.Release|Mixed Platforms.ActiveCfg = Release|Any CPU
		{9BA6FE9F-82CB-40F7-B9BF-4456647D667D}.Release|Mixed Platforms.Build.0 = Release|Any CPU
		{0922E7D3-F0C8-4159-B2C9-9B8F570D316A}.Debug|.NET.ActiveCfg = Debug|Any CPU
		{0922E7D3-F0C8-4159-B2C9-9B8F570D316A}.Debug|Any CPU.ActiveCfg = Debug|Any CPU
		{0922E7D3-F0C8-4159-B2C9-9B8F570D316A}.Debug|Any CPU.Build.0 = Debug|Any CPU
		{0922E7D3-F0C8-4159-B2C9-9B8F570D316A}.Debug|Mixed Platforms.ActiveCfg = Debug|Any CPU
		{0922E7D3-F0C8-4159-B2C9-9B8F570D316A}.Debug|Mixed Platforms.Build.0 = Debug|Any CPU
		{0922E7D3-F0C8-4159-B2C9-9B8F570D316A}.Release|.NET.ActiveCfg = Release|Any CPU
		{0922E7D3-F0C8-4159-B2C9-9B8F570D316A}.Release|Any CPU.ActiveCfg = Release|Any CPU
		{0922E7D3-F0C8-4159-B2C9-9B8F570D316A}.Release|Any CPU.Build.0 = Release|Any CPU
		{0922E7D3-F0C8-4159-B2C9-9B8F570D316A}.Release|Mixed Platforms.ActiveCfg = Release|Any CPU
		{0922E7D3-F0C8-4159-B2C9-9B8F570D316A}.Release|Mixed Platforms.Build.0 = Release|Any CPU
	EndGlobalSection
	GlobalSection(SolutionProperties) = preSolution
		HideSolutionNode = FALSE
	EndGlobalSection
	GlobalSection(NestedProjects) = preSolution
		{D3680108-98DE-4832-AB93-B06B11CCA50D} = {CD068EB5-5622-4195-A40F-9C1CF3A0FC25}
		{13EA0D39-696E-48B1-8C6E-695C82C8C7EF} = {2D7C672B-E38F-4BEF-9E21-CBB36920454E}
		{84B6ED4E-FAC1-45F9-BF4C-68C57C592A8C} = {D3680108-98DE-4832-AB93-B06B11CCA50D}
		{CEB795EC-A667-4A15-84ED-1E4672DFFD27} = {D3680108-98DE-4832-AB93-B06B11CCA50D}
		{A28FBF01-E129-417D-91C5-387F02A32AB2} = {C9851ECE-AFAC-406D-8661-F1E9B2A36B65}
		{9BA6FE9F-82CB-40F7-B9BF-4456647D667D} = {CEB795EC-A667-4A15-84ED-1E4672DFFD27}
		{B2077C2A-A341-450E-8B8B-4DD836ADEFBA} = {CEB795EC-A667-4A15-84ED-1E4672DFFD27}
		{0922E7D3-F0C8-4159-B2C9-9B8F570D316A} = {CEB795EC-A667-4A15-84ED-1E4672DFFD27}
	EndGlobalSection
EndGlobal
