
Microsoft Visual Studio Solution File, Format Version 9.00
# Visual Studio 2005
Project("{F184B08F-C81C-45F6-A57F-5ABD9991F28F}") = "RDdotNet.TeamFoundation.Queuer", "RDdotNet.TeamFoundation.Queuer\RDdotNet.TeamFoundation.Queuer.vbproj", "{444260BD-48B7-4442-8ACE-4C66D859AC03}"
EndProject
Project("{F184B08F-C81C-45F6-A57F-5ABD9991F28F}") = "RDdotNet.TeamFoundation.QueuerHost", "RDdotNet.TeamFoundation.QueuerHost\RDdotNet.TeamFoundation.QueuerHost.vbproj", "{09D2BAFA-6EDF-4155-A9C4-6083D939AA1E}"
EndProject
Project("{2150E333-8FDC-42A3-9474-1A3956D46DE8}") = "Source", "Source", "{C220B53C-2E5D-4792-899E-9A83B39628EC}"
EndProject
Project("{2150E333-8FDC-42A3-9474-1A3956D46DE8}") = "Test", "Test", "{428FB1B4-4BA4-4659-8E55-F281C1415B91}"
EndProject
Global
	GlobalSection(TeamFoundationVersionControl) = preSolution
		SccNumberOfProjects = 3
		SccEnterpriseProvider = {4CA58AB2-18FA-4F8D-95D4-32DDF27D184C}
		SccTeamFoundationServer = https://tfs03.codeplex.com/
		SccLocalPath0 = .
		SccProjectUniqueName1 = RDdotNet.TeamFoundation.Queuer\\RDdotNet.TeamFoundation.Queuer.vbproj
		SccProjectTopLevelParentUniqueName1 = TFSEventQueuer.sln
		SccProjectName1 = RDdotNet.TeamFoundation.Queuer
		SccLocalPath1 = RDdotNet.TeamFoundation.Queuer
		SccProjectUniqueName2 = RDdotNet.TeamFoundation.QueuerHost\\RDdotNet.TeamFoundation.QueuerHost.vbproj
		SccProjectTopLevelParentUniqueName2 = TFSEventQueuer.sln
		SccProjectName2 = RDdotNet.TeamFoundation.QueuerHost
		SccLocalPath2 = RDdotNet.TeamFoundation.QueuerHost
	EndGlobalSection
	GlobalSection(SolutionConfigurationPlatforms) = preSolution
		Debug|Any CPU = Debug|Any CPU
		Release|Any CPU = Release|Any CPU
	EndGlobalSection
	GlobalSection(ProjectConfigurationPlatforms) = postSolution
		{444260BD-48B7-4442-8ACE-4C66D859AC03}.Debug|Any CPU.ActiveCfg = Debug|Any CPU
		{444260BD-48B7-4442-8ACE-4C66D859AC03}.Debug|Any CPU.Build.0 = Debug|Any CPU
		{444260BD-48B7-4442-8ACE-4C66D859AC03}.Release|Any CPU.ActiveCfg = Release|Any CPU
		{444260BD-48B7-4442-8ACE-4C66D859AC03}.Release|Any CPU.Build.0 = Release|Any CPU
		{09D2BAFA-6EDF-4155-A9C4-6083D939AA1E}.Debug|Any CPU.ActiveCfg = Debug|Any CPU
		{09D2BAFA-6EDF-4155-A9C4-6083D939AA1E}.Debug|Any CPU.Build.0 = Debug|Any CPU
		{09D2BAFA-6EDF-4155-A9C4-6083D939AA1E}.Release|Any CPU.ActiveCfg = Release|Any CPU
		{09D2BAFA-6EDF-4155-A9C4-6083D939AA1E}.Release|Any CPU.Build.0 = Release|Any CPU
	EndGlobalSection
	GlobalSection(SolutionProperties) = preSolution
		HideSolutionNode = FALSE
	EndGlobalSection
	GlobalSection(NestedProjects) = preSolution
		{444260BD-48B7-4442-8ACE-4C66D859AC03} = {C220B53C-2E5D-4792-899E-9A83B39628EC}
		{09D2BAFA-6EDF-4155-A9C4-6083D939AA1E} = {428FB1B4-4BA4-4659-8E55-F281C1415B91}
	EndGlobalSection
EndGlobal
