
Microsoft Visual Studio Solution File, Format Version 10.00
# Visual Studio 2008
Project("{2150E333-8FDC-42A3-9474-1A3956D46DE8}") = "Source", "Source", "{B4EB46F8-5C2A-4E5A-85E0-C0A2587213C4}"
EndProject
Project("{2150E333-8FDC-42A3-9474-1A3956D46DE8}") = "Test", "Test", "{01563050-09C4-496D-9CD9-7457D4ED197A}"
EndProject
Project("{2150E333-8FDC-42A3-9474-1A3956D46DE8}") = "Core", "Core", "{5844BC8E-7516-492F-8DA4-EB35FC4C89D3}"
EndProject
Project("{F184B08F-C81C-45F6-A57F-5ABD9991F28F}") = "RDdotNet.TeamFoundation", "RDdotNet.TeamFoundation\RDdotNet.TeamFoundation.vbproj", "{EACA87E1-E3D7-44FD-88C6-F797E3786323}"
EndProject
Project("{F184B08F-C81C-45F6-A57F-5ABD9991F28F}") = "RDdotNet.TeamFoundation.TestApp", "RDdotNet.TeamFoundation.TestApp\RDdotNet.TeamFoundation.TestApp.vbproj", "{96EDA3A2-D48F-4773-84EF-38979EAF3419}"
EndProject
Project("{FAE04EC0-301F-11D3-BF4B-00C04F79EFBC}") = "RDdotNet.TeamFoundation.EventResource", "RDdotNet.TeamFoundation.EventResource\RDdotNet.TeamFoundation.EventResource.csproj", "{0F4212BE-70A6-4773-9B92-9376B203CEAA}"
EndProject
Project("{F184B08F-C81C-45F6-A57F-5ABD9991F28F}") = "RDdotNet.ActiveDirectory", "RDdotNet.ActiveDirectory\RDdotNet.ActiveDirectory.vbproj", "{53C9381A-F6F5-4AB9-BE84-90600D7FC113}"
EndProject
Project("{F184B08F-C81C-45F6-A57F-5ABD9991F28F}") = "RDdotNet.TFSEventHandlerService", "RDdotNet.TFSEventHandlerService\RDdotNet.TFSEventHandlerService.vbproj", "{17913AED-BE6C-4ABA-91E5-70386FE7AA17}"
EndProject
Project("{54435603-DBB4-11D2-8724-00A0C9A8B90C}") = "RDdotNet.TFSEventHandlerSetup", "RDdotNet.TFSEventHandlerSetup\TFSEventHandlerSetup.vdproj", "{DD3A30C9-29DF-4265-AD11-C287ABBA3FEE}"
EndProject
Global
	GlobalSection(TeamFoundationVersionControl) = preSolution
		SccNumberOfProjects = 7
		SccEnterpriseProvider = {4CA58AB2-18FA-4F8D-95D4-32DDF27D184C}
		SccTeamFoundationServer = https://tfs03.codeplex.com/
		SccProjectUniqueName0 = RDdotNet.ActiveDirectory\\RDdotNet.ActiveDirectory.vbproj
		SccProjectTopLevelParentUniqueName0 = TFSEventHandler\u0020Server\u0020v1.0.sln
		SccProjectName0 = RDdotNet.ActiveDirectory
		SccLocalPath0 = RDdotNet.ActiveDirectory
		SccProjectUniqueName1 = RDdotNet.TeamFoundation.EventResource\\RDdotNet.TeamFoundation.EventResource.csproj
		SccProjectTopLevelParentUniqueName1 = TFSEventHandler\u0020Server\u0020v1.0.sln
		SccProjectName1 = RDdotNet.TeamFoundation.EventResource
		SccLocalPath1 = RDdotNet.TeamFoundation.EventResource
		SccProjectUniqueName2 = RDdotNet.TeamFoundation.TestApp\\RDdotNet.TeamFoundation.TestApp.vbproj
		SccProjectTopLevelParentUniqueName2 = TFSEventHandler\u0020Server\u0020v1.0.sln
		SccProjectName2 = RDdotNet.TeamFoundation.TestApp
		SccLocalPath2 = RDdotNet.TeamFoundation.TestApp
		SccProjectUniqueName3 = RDdotNet.TeamFoundation\\RDdotNet.TeamFoundation.vbproj
		SccProjectTopLevelParentUniqueName3 = TFSEventHandler\u0020Server\u0020v1.0.sln
		SccProjectName3 = RDdotNet.TeamFoundation
		SccLocalPath3 = RDdotNet.TeamFoundation
		SccProjectUniqueName4 = RDdotNet.TFSEventHandlerService\\RDdotNet.TFSEventHandlerService.vbproj
		SccProjectTopLevelParentUniqueName4 = TFSEventHandler\u0020Server\u0020v1.0.sln
		SccProjectName4 = RDdotNet.TFSEventHandlerService
		SccLocalPath4 = RDdotNet.TFSEventHandlerService
		SccProjectUniqueName5 = RDdotNet.TFSEventHandlerSetup\\TFSEventHandlerSetup.vdproj
		SccProjectName5 = RDdotNet.TFSEventHandlerSetup
		SccLocalPath5 = RDdotNet.TFSEventHandlerSetup
		SccLocalPath6 = .
	EndGlobalSection
	GlobalSection(SolutionConfigurationPlatforms) = preSolution
		Debug|.NET = Debug|.NET
		Debug|Any CPU = Debug|Any CPU
		Debug|Mixed Platforms = Debug|Mixed Platforms
		Release|.NET = Release|.NET
		Release|Any CPU = Release|Any CPU
		Release|Mixed Platforms = Release|Mixed Platforms
	EndGlobalSection
	GlobalSection(ProjectConfigurationPlatforms) = postSolution
		{EACA87E1-E3D7-44FD-88C6-F797E3786323}.Debug|.NET.ActiveCfg = Debug|Any CPU
		{EACA87E1-E3D7-44FD-88C6-F797E3786323}.Debug|Any CPU.ActiveCfg = Debug|Any CPU
		{EACA87E1-E3D7-44FD-88C6-F797E3786323}.Debug|Any CPU.Build.0 = Debug|Any CPU
		{EACA87E1-E3D7-44FD-88C6-F797E3786323}.Debug|Mixed Platforms.ActiveCfg = Debug|Any CPU
		{EACA87E1-E3D7-44FD-88C6-F797E3786323}.Debug|Mixed Platforms.Build.0 = Debug|Any CPU
		{EACA87E1-E3D7-44FD-88C6-F797E3786323}.Release|.NET.ActiveCfg = Release|Any CPU
		{EACA87E1-E3D7-44FD-88C6-F797E3786323}.Release|Any CPU.ActiveCfg = Release|Any CPU
		{EACA87E1-E3D7-44FD-88C6-F797E3786323}.Release|Any CPU.Build.0 = Release|Any CPU
		{EACA87E1-E3D7-44FD-88C6-F797E3786323}.Release|Mixed Platforms.ActiveCfg = Release|Any CPU
		{EACA87E1-E3D7-44FD-88C6-F797E3786323}.Release|Mixed Platforms.Build.0 = Release|Any CPU
		{96EDA3A2-D48F-4773-84EF-38979EAF3419}.Debug|.NET.ActiveCfg = Debug|Any CPU
		{96EDA3A2-D48F-4773-84EF-38979EAF3419}.Debug|Any CPU.ActiveCfg = Debug|Any CPU
		{96EDA3A2-D48F-4773-84EF-38979EAF3419}.Debug|Any CPU.Build.0 = Debug|Any CPU
		{96EDA3A2-D48F-4773-84EF-38979EAF3419}.Debug|Mixed Platforms.ActiveCfg = Debug|Any CPU
		{96EDA3A2-D48F-4773-84EF-38979EAF3419}.Debug|Mixed Platforms.Build.0 = Debug|Any CPU
		{96EDA3A2-D48F-4773-84EF-38979EAF3419}.Release|.NET.ActiveCfg = Release|Any CPU
		{96EDA3A2-D48F-4773-84EF-38979EAF3419}.Release|Any CPU.ActiveCfg = Release|Any CPU
		{96EDA3A2-D48F-4773-84EF-38979EAF3419}.Release|Any CPU.Build.0 = Release|Any CPU
		{96EDA3A2-D48F-4773-84EF-38979EAF3419}.Release|Mixed Platforms.ActiveCfg = Release|Any CPU
		{96EDA3A2-D48F-4773-84EF-38979EAF3419}.Release|Mixed Platforms.Build.0 = Release|Any CPU
		{0F4212BE-70A6-4773-9B92-9376B203CEAA}.Debug|.NET.ActiveCfg = Debug|Any CPU
		{0F4212BE-70A6-4773-9B92-9376B203CEAA}.Debug|Any CPU.ActiveCfg = Debug|Any CPU
		{0F4212BE-70A6-4773-9B92-9376B203CEAA}.Debug|Any CPU.Build.0 = Debug|Any CPU
		{0F4212BE-70A6-4773-9B92-9376B203CEAA}.Debug|Mixed Platforms.ActiveCfg = Debug|Any CPU
		{0F4212BE-70A6-4773-9B92-9376B203CEAA}.Debug|Mixed Platforms.Build.0 = Debug|Any CPU
		{0F4212BE-70A6-4773-9B92-9376B203CEAA}.Release|.NET.ActiveCfg = Release|Any CPU
		{0F4212BE-70A6-4773-9B92-9376B203CEAA}.Release|Any CPU.ActiveCfg = Release|Any CPU
		{0F4212BE-70A6-4773-9B92-9376B203CEAA}.Release|Any CPU.Build.0 = Release|Any CPU
		{0F4212BE-70A6-4773-9B92-9376B203CEAA}.Release|Mixed Platforms.ActiveCfg = Release|Any CPU
		{0F4212BE-70A6-4773-9B92-9376B203CEAA}.Release|Mixed Platforms.Build.0 = Release|Any CPU
		{53C9381A-F6F5-4AB9-BE84-90600D7FC113}.Debug|.NET.ActiveCfg = Debug|Any CPU
		{53C9381A-F6F5-4AB9-BE84-90600D7FC113}.Debug|Any CPU.ActiveCfg = Debug|Any CPU
		{53C9381A-F6F5-4AB9-BE84-90600D7FC113}.Debug|Any CPU.Build.0 = Debug|Any CPU
		{53C9381A-F6F5-4AB9-BE84-90600D7FC113}.Debug|Mixed Platforms.ActiveCfg = Debug|Any CPU
		{53C9381A-F6F5-4AB9-BE84-90600D7FC113}.Debug|Mixed Platforms.Build.0 = Debug|Any CPU
		{53C9381A-F6F5-4AB9-BE84-90600D7FC113}.Release|.NET.ActiveCfg = Release|Any CPU
		{53C9381A-F6F5-4AB9-BE84-90600D7FC113}.Release|Any CPU.ActiveCfg = Release|Any CPU
		{53C9381A-F6F5-4AB9-BE84-90600D7FC113}.Release|Any CPU.Build.0 = Release|Any CPU
		{53C9381A-F6F5-4AB9-BE84-90600D7FC113}.Release|Mixed Platforms.ActiveCfg = Release|Any CPU
		{53C9381A-F6F5-4AB9-BE84-90600D7FC113}.Release|Mixed Platforms.Build.0 = Release|Any CPU
		{17913AED-BE6C-4ABA-91E5-70386FE7AA17}.Debug|.NET.ActiveCfg = Debug|Any CPU
		{17913AED-BE6C-4ABA-91E5-70386FE7AA17}.Debug|Any CPU.ActiveCfg = Debug|Any CPU
		{17913AED-BE6C-4ABA-91E5-70386FE7AA17}.Debug|Any CPU.Build.0 = Debug|Any CPU
		{17913AED-BE6C-4ABA-91E5-70386FE7AA17}.Debug|Mixed Platforms.ActiveCfg = Debug|Any CPU
		{17913AED-BE6C-4ABA-91E5-70386FE7AA17}.Debug|Mixed Platforms.Build.0 = Debug|Any CPU
		{17913AED-BE6C-4ABA-91E5-70386FE7AA17}.Release|.NET.ActiveCfg = Release|Any CPU
		{17913AED-BE6C-4ABA-91E5-70386FE7AA17}.Release|Any CPU.ActiveCfg = Release|Any CPU
		{17913AED-BE6C-4ABA-91E5-70386FE7AA17}.Release|Any CPU.Build.0 = Release|Any CPU
		{17913AED-BE6C-4ABA-91E5-70386FE7AA17}.Release|Mixed Platforms.ActiveCfg = Release|Any CPU
		{17913AED-BE6C-4ABA-91E5-70386FE7AA17}.Release|Mixed Platforms.Build.0 = Release|Any CPU
		{DD3A30C9-29DF-4265-AD11-C287ABBA3FEE}.Debug|.NET.ActiveCfg = Debug
		{DD3A30C9-29DF-4265-AD11-C287ABBA3FEE}.Debug|.NET.Build.0 = Debug
		{DD3A30C9-29DF-4265-AD11-C287ABBA3FEE}.Debug|Any CPU.ActiveCfg = Debug
		{DD3A30C9-29DF-4265-AD11-C287ABBA3FEE}.Debug|Any CPU.Build.0 = Debug
		{DD3A30C9-29DF-4265-AD11-C287ABBA3FEE}.Debug|Mixed Platforms.ActiveCfg = Debug
		{DD3A30C9-29DF-4265-AD11-C287ABBA3FEE}.Debug|Mixed Platforms.Build.0 = Debug
		{DD3A30C9-29DF-4265-AD11-C287ABBA3FEE}.Release|.NET.ActiveCfg = Release
		{DD3A30C9-29DF-4265-AD11-C287ABBA3FEE}.Release|.NET.Build.0 = Release
		{DD3A30C9-29DF-4265-AD11-C287ABBA3FEE}.Release|Any CPU.ActiveCfg = Release
		{DD3A30C9-29DF-4265-AD11-C287ABBA3FEE}.Release|Any CPU.Build.0 = Release
		{DD3A30C9-29DF-4265-AD11-C287ABBA3FEE}.Release|Mixed Platforms.ActiveCfg = Release
		{DD3A30C9-29DF-4265-AD11-C287ABBA3FEE}.Release|Mixed Platforms.Build.0 = Release
	EndGlobalSection
	GlobalSection(SolutionProperties) = preSolution
		HideSolutionNode = FALSE
	EndGlobalSection
	GlobalSection(NestedProjects) = preSolution
		{5844BC8E-7516-492F-8DA4-EB35FC4C89D3} = {B4EB46F8-5C2A-4E5A-85E0-C0A2587213C4}
		{17913AED-BE6C-4ABA-91E5-70386FE7AA17} = {B4EB46F8-5C2A-4E5A-85E0-C0A2587213C4}
		{96EDA3A2-D48F-4773-84EF-38979EAF3419} = {01563050-09C4-496D-9CD9-7457D4ED197A}
		{EACA87E1-E3D7-44FD-88C6-F797E3786323} = {5844BC8E-7516-492F-8DA4-EB35FC4C89D3}
		{0F4212BE-70A6-4773-9B92-9376B203CEAA} = {5844BC8E-7516-492F-8DA4-EB35FC4C89D3}
		{53C9381A-F6F5-4AB9-BE84-90600D7FC113} = {5844BC8E-7516-492F-8DA4-EB35FC4C89D3}
	EndGlobalSection
EndGlobal
