
Microsoft Visual Studio Solution File, Format Version 10.00
# Visual Studio 2008
Project("{F184B08F-C81C-45F6-A57F-5ABD9991F28F}") = "RDdotNet.TeamFoundation.WorkItemTracking.Assignement", "AssignedTo\RDdotNet.TeamFoundation.WorkItemTracking.Assignement.vbproj", "{FE07DAAA-CDCE-4FC5-958F-085BD7564D0D}"
EndProject
Project("{F184B08F-C81C-45F6-A57F-5ABD9991F28F}") = "RDdotNet.TeamFoundation.SourceControl.ChangeSet", "ChangeSet\RDdotNet.TeamFoundation.SourceControl.ChangeSet.vbproj", "{0C7686BB-523D-4EA3-9B39-23BD60254C13}"
EndProject
Project("{F184B08F-C81C-45F6-A57F-5ABD9991F28F}") = "RDdotNet.TeamFoundation.WorkItemTracking.HEAT", "HEAT\RDdotNet.TeamFoundation.WorkItemTracking.HEAT.vbproj", "{4D2F46E2-1F30-4CF3-8F17-0264490D8CD3}"
EndProject
Project("{F184B08F-C81C-45F6-A57F-5ABD9991F28F}") = "RDdotNet.TeamFoundation.WorkItemTracking", "RDdotNet.TeamFoundation.WorkItemTracking\RDdotNet.TeamFoundation.WorkItemTracking.vbproj", "{5E630CFE-7565-490B-B682-7C438F9A929F}"
EndProject
Global
	GlobalSection(TeamFoundationVersionControl) = preSolution
		SccNumberOfProjects = 5
		SccEnterpriseProvider = {4CA58AB2-18FA-4F8D-95D4-32DDF27D184C}
		SccTeamFoundationServer = https://tfs03.codeplex.com/
		SccProjectUniqueName0 = ChangeSet\\RDdotNet.TeamFoundation.SourceControl.ChangeSet.vbproj
		SccProjectName0 = ChangeSet
		SccLocalPath0 = ChangeSet
		SccProjectUniqueName1 = AssignedTo\\RDdotNet.TeamFoundation.WorkItemTracking.Assignement.vbproj
		SccProjectName1 = AssignedTo
		SccLocalPath1 = AssignedTo
		SccProjectUniqueName2 = RDdotNet.TeamFoundation.WorkItemTracking\\RDdotNet.TeamFoundation.WorkItemTracking.vbproj
		SccProjectName2 = RDdotNet.TeamFoundation.WorkItemTracking
		SccLocalPath2 = RDdotNet.TeamFoundation.WorkItemTracking
		SccProjectUniqueName3 = HEAT\\RDdotNet.TeamFoundation.WorkItemTracking.HEAT.vbproj
		SccProjectName3 = HEAT
		SccLocalPath3 = HEAT
		SccLocalPath4 = .
	EndGlobalSection
	GlobalSection(SolutionConfigurationPlatforms) = preSolution
		Debug|Any CPU = Debug|Any CPU
		Release|Any CPU = Release|Any CPU
	EndGlobalSection
	GlobalSection(ProjectConfigurationPlatforms) = postSolution
		{FE07DAAA-CDCE-4FC5-958F-085BD7564D0D}.Debug|Any CPU.ActiveCfg = Debug|Any CPU
		{FE07DAAA-CDCE-4FC5-958F-085BD7564D0D}.Debug|Any CPU.Build.0 = Debug|Any CPU
		{FE07DAAA-CDCE-4FC5-958F-085BD7564D0D}.Release|Any CPU.ActiveCfg = Release|Any CPU
		{FE07DAAA-CDCE-4FC5-958F-085BD7564D0D}.Release|Any CPU.Build.0 = Release|Any CPU
		{0C7686BB-523D-4EA3-9B39-23BD60254C13}.Debug|Any CPU.ActiveCfg = Debug|Any CPU
		{0C7686BB-523D-4EA3-9B39-23BD60254C13}.Debug|Any CPU.Build.0 = Debug|Any CPU
		{0C7686BB-523D-4EA3-9B39-23BD60254C13}.Release|Any CPU.ActiveCfg = Release|Any CPU
		{0C7686BB-523D-4EA3-9B39-23BD60254C13}.Release|Any CPU.Build.0 = Release|Any CPU
		{4D2F46E2-1F30-4CF3-8F17-0264490D8CD3}.Debug|Any CPU.ActiveCfg = Debug|Any CPU
		{4D2F46E2-1F30-4CF3-8F17-0264490D8CD3}.Debug|Any CPU.Build.0 = Debug|Any CPU
		{4D2F46E2-1F30-4CF3-8F17-0264490D8CD3}.Release|Any CPU.ActiveCfg = Release|Any CPU
		{4D2F46E2-1F30-4CF3-8F17-0264490D8CD3}.Release|Any CPU.Build.0 = Release|Any CPU
		{5E630CFE-7565-490B-B682-7C438F9A929F}.Debug|Any CPU.ActiveCfg = Debug|Any CPU
		{5E630CFE-7565-490B-B682-7C438F9A929F}.Debug|Any CPU.Build.0 = Debug|Any CPU
		{5E630CFE-7565-490B-B682-7C438F9A929F}.Release|Any CPU.ActiveCfg = Release|Any CPU
		{5E630CFE-7565-490B-B682-7C438F9A929F}.Release|Any CPU.Build.0 = Release|Any CPU
	EndGlobalSection
	GlobalSection(SolutionProperties) = preSolution
		HideSolutionNode = FALSE
	EndGlobalSection
EndGlobal
